
Microsoft Visual Studio Solution File, Format Version 12.00
# Visual Studio Version 16
VisualStudioVersion = 16.0.31702.278
MinimumVisualStudioVersion = 10.0.40219.1
Project("{9A19103F-16F7-4668-BE54-9A1E7A4F7556}") = "Unitel", "Unitel\Unitel.csproj", "{16E19275-9254-45B8-932E-B25E56A337E7}"
EndProject
Project("{2150E333-8FDC-42A3-9474-1A3956D46DE8}") = "Solution Items", "Solution Items", "{633045A3-ED79-4386-B2B3-F3E6940D7052}"
	ProjectSection(SolutionItems) = preProject
		.editorconfig = .editorconfig
	EndProjectSection
EndProject
Global
	GlobalSection(SolutionConfigurationPlatforms) = preSolution
		Debug|Any CPU = Debug|Any CPU
		Release|Any CPU = Release|Any CPU
	EndGlobalSection
	GlobalSection(ProjectConfigurationPlatforms) = postSolution
		{16E19275-9254-45B8-932E-B25E56A337E7}.Debug|Any CPU.ActiveCfg = Debug|Any CPU
		{16E19275-9254-45B8-932E-B25E56A337E7}.Debug|Any CPU.Build.0 = Debug|Any CPU
		{16E19275-9254-45B8-932E-B25E56A337E7}.Release|Any CPU.ActiveCfg = Release|Any CPU
		{16E19275-9254-45B8-932E-B25E56A337E7}.Release|Any CPU.Build.0 = Release|Any CPU
	EndGlobalSection
	GlobalSection(SolutionProperties) = preSolution
		HideSolutionNode = FALSE
	EndGlobalSection
	GlobalSection(ExtensibilityGlobals) = postSolution
		SolutionGuid = {98D1A221-5E15-4398-A28D-37B05C22FDB8}
	EndGlobalSection
EndGlobal
